
Microsoft Visual Studio Solution File, Format Version 12.00
# Visual Studio Version 16
VisualStudioVersion = 16.0.29424.173
MinimumVisualStudioVersion = 10.0.40219.1
Project("{FAE04EC0-301F-11D3-BF4B-00C04F79EFBC}") = "RefineCalc", "RefineCalc\RefineCalc.csproj", "{FB6A7CCA-9788-4FB6-A393-E3B01ED7C729}"
EndProject
Global
	GlobalSection(SolutionConfigurationPlatforms) = preSolution
		Debug|Any CPU = Debug|Any CPU
		Release|Any CPU = Release|Any CPU
	EndGlobalSection
	GlobalSection(ProjectConfigurationPlatforms) = postSolution
		{FB6A7CCA-9788-4FB6-A393-E3B01ED7C729}.Debug|Any CPU.ActiveCfg = Debug|Any CPU
		{FB6A7CCA-9788-4FB6-A393-E3B01ED7C729}.Debug|Any CPU.Build.0 = Debug|Any CPU
		{FB6A7CCA-9788-4FB6-A393-E3B01ED7C729}.Release|Any CPU.ActiveCfg = Release|Any CPU
		{FB6A7CCA-9788-4FB6-A393-E3B01ED7C729}.Release|Any CPU.Build.0 = Release|Any CPU
	EndGlobalSection
	GlobalSection(SolutionProperties) = preSolution
		HideSolutionNode = FALSE
	EndGlobalSection
	GlobalSection(ExtensibilityGlobals) = postSolution
		SolutionGuid = {24522887-36E8-40F6-8761-CFA817335A83}
	EndGlobalSection
EndGlobal
